
Microsoft Visual Studio Solution File, Format Version 12.00
# Visual Studio 15
VisualStudioVersion = 15.0.26730.12
MinimumVisualStudioVersion = 10.0.40219.1
Project("{FAE04EC0-301F-11D3-BF4B-00C04F79EFBC}") = "Proje", "Proje\Proje.csproj", "{C7434D8B-F8FA-48FA-BAEB-0DD28256F256}"
EndProject
Project("{54435603-DBB4-11D2-8724-00A0C9A8B90C}") = "Banka Masaüstü Uygulaması", "Banka Masaüstü Uygulaması\Banka Masaüstü Uygulaması.vdproj", "{8413931B-109F-43FE-A436-497CE0F003BC}"
EndProject
Global
	GlobalSection(SolutionConfigurationPlatforms) = preSolution
		Debug|Any CPU = Debug|Any CPU
		Release|Any CPU = Release|Any CPU
	EndGlobalSection
	GlobalSection(ProjectConfigurationPlatforms) = postSolution
		{C7434D8B-F8FA-48FA-BAEB-0DD28256F256}.Debug|Any CPU.ActiveCfg = Debug|Any CPU
		{C7434D8B-F8FA-48FA-BAEB-0DD28256F256}.Debug|Any CPU.Build.0 = Debug|Any CPU
		{C7434D8B-F8FA-48FA-BAEB-0DD28256F256}.Release|Any CPU.ActiveCfg = Release|Any CPU
		{C7434D8B-F8FA-48FA-BAEB-0DD28256F256}.Release|Any CPU.Build.0 = Release|Any CPU
		{8413931B-109F-43FE-A436-497CE0F003BC}.Debug|Any CPU.ActiveCfg = Debug
		{8413931B-109F-43FE-A436-497CE0F003BC}.Release|Any CPU.ActiveCfg = Release
	EndGlobalSection
	GlobalSection(SolutionProperties) = preSolution
		HideSolutionNode = FALSE
	EndGlobalSection
	GlobalSection(ExtensibilityGlobals) = postSolution
		SolutionGuid = {AE124828-D9D6-46A6-AE55-90A75B57F9D5}
	EndGlobalSection
EndGlobal
